
Microsoft Visual Studio Solution File, Format Version 12.00
# Visual Studio Version 17
VisualStudioVersion = 17.0.31903.59
MinimumVisualStudioVersion = 10.0.40219.1
Project("{FAE04EC0-301F-11D3-BF4B-00C04F79EFBC}") = "API", "API\API.csproj", "{90338CDE-6D0D-493A-B5F2-242D20CB4DFA}"
EndProject
Project("{FAE04EC0-301F-11D3-BF4B-00C04F79EFBC}") = "Core", "Core\Core.csproj", "{871E3EFE-9F5F-4AB4-A9C5-326B6A3C7018}"
EndProject
Project("{FAE04EC0-301F-11D3-BF4B-00C04F79EFBC}") = "Infrastructure", "infrastructure\Infrastructure.csproj", "{A20AAB4A-9CD7-4D8C-9842-F8DD19383230}"
EndProject
Global
	GlobalSection(SolutionConfigurationPlatforms) = preSolution
		Debug|Any CPU = Debug|Any CPU
		Release|Any CPU = Release|Any CPU
	EndGlobalSection
	GlobalSection(SolutionProperties) = preSolution
		HideSolutionNode = FALSE
	EndGlobalSection
	GlobalSection(ProjectConfigurationPlatforms) = postSolution
		{90338CDE-6D0D-493A-B5F2-242D20CB4DFA}.Debug|Any CPU.ActiveCfg = Debug|Any CPU
		{90338CDE-6D0D-493A-B5F2-242D20CB4DFA}.Debug|Any CPU.Build.0 = Debug|Any CPU
		{90338CDE-6D0D-493A-B5F2-242D20CB4DFA}.Release|Any CPU.ActiveCfg = Release|Any CPU
		{90338CDE-6D0D-493A-B5F2-242D20CB4DFA}.Release|Any CPU.Build.0 = Release|Any CPU
		{871E3EFE-9F5F-4AB4-A9C5-326B6A3C7018}.Debug|Any CPU.ActiveCfg = Debug|Any CPU
		{871E3EFE-9F5F-4AB4-A9C5-326B6A3C7018}.Debug|Any CPU.Build.0 = Debug|Any CPU
		{871E3EFE-9F5F-4AB4-A9C5-326B6A3C7018}.Release|Any CPU.ActiveCfg = Release|Any CPU
		{871E3EFE-9F5F-4AB4-A9C5-326B6A3C7018}.Release|Any CPU.Build.0 = Release|Any CPU
		{A20AAB4A-9CD7-4D8C-9842-F8DD19383230}.Debug|Any CPU.ActiveCfg = Debug|Any CPU
		{A20AAB4A-9CD7-4D8C-9842-F8DD19383230}.Debug|Any CPU.Build.0 = Debug|Any CPU
		{A20AAB4A-9CD7-4D8C-9842-F8DD19383230}.Release|Any CPU.ActiveCfg = Release|Any CPU
		{A20AAB4A-9CD7-4D8C-9842-F8DD19383230}.Release|Any CPU.Build.0 = Release|Any CPU
	EndGlobalSection
EndGlobal
